
Microsoft Visual Studio Solution File, Format Version 12.00
# Visual Studio Version 17
VisualStudioVersion = 17.11.35327.3
MinimumVisualStudioVersion = 10.0.40219.1
Project("{9A19103F-16F7-4668-BE54-9A1E7A4F7556}") = "SchoolManagement.Api", "SchoolManagement.Api\SchoolManagement.Api.csproj", "{95EAAD49-EE76-45EF-8C4C-FE85C2D9343B}"
EndProject
Project("{FAE04EC0-301F-11D3-BF4B-00C04F79EFBC}") = "SchoolManagement.Application", "SchoolManagement.Application\SchoolManagement.Application.csproj", "{3FBA3D8E-2D34-4F02-B5DE-EE88DFC3E567}"
EndProject
Project("{FAE04EC0-301F-11D3-BF4B-00C04F79EFBC}") = "SchoolManagement.Domain", "SchoolManagement.Domain\SchoolManagement.Domain.csproj", "{2169856A-7434-4A22-9663-AF94933CF08A}"
EndProject
Project("{FAE04EC0-301F-11D3-BF4B-00C04F79EFBC}") = "SchoolManagement.Infrastructure", "SchoolManagement.Infrastructure\SchoolManagement.Infrastructure.csproj", "{37E6BB03-C032-49A9-8579-112D3F7B33F7}"
EndProject
Project("{FAE04EC0-301F-11D3-BF4B-00C04F79EFBC}") = "SchoolManagement.Tests", "SchoolManagement.Tests\SchoolManagement.Tests.csproj", "{7A73373B-86C0-44F2-B280-69E17908D5D2}"
EndProject
Global
	GlobalSection(SolutionConfigurationPlatforms) = preSolution
		Debug|Any CPU = Debug|Any CPU
		Release|Any CPU = Release|Any CPU
	EndGlobalSection
	GlobalSection(ProjectConfigurationPlatforms) = postSolution
		{95EAAD49-EE76-45EF-8C4C-FE85C2D9343B}.Debug|Any CPU.ActiveCfg = Debug|Any CPU
		{95EAAD49-EE76-45EF-8C4C-FE85C2D9343B}.Debug|Any CPU.Build.0 = Debug|Any CPU
		{95EAAD49-EE76-45EF-8C4C-FE85C2D9343B}.Release|Any CPU.ActiveCfg = Release|Any CPU
		{95EAAD49-EE76-45EF-8C4C-FE85C2D9343B}.Release|Any CPU.Build.0 = Release|Any CPU
		{3FBA3D8E-2D34-4F02-B5DE-EE88DFC3E567}.Debug|Any CPU.ActiveCfg = Debug|Any CPU
		{3FBA3D8E-2D34-4F02-B5DE-EE88DFC3E567}.Debug|Any CPU.Build.0 = Debug|Any CPU
		{3FBA3D8E-2D34-4F02-B5DE-EE88DFC3E567}.Release|Any CPU.ActiveCfg = Release|Any CPU
		{3FBA3D8E-2D34-4F02-B5DE-EE88DFC3E567}.Release|Any CPU.Build.0 = Release|Any CPU
		{2169856A-7434-4A22-9663-AF94933CF08A}.Debug|Any CPU.ActiveCfg = Debug|Any CPU
		{2169856A-7434-4A22-9663-AF94933CF08A}.Debug|Any CPU.Build.0 = Debug|Any CPU
		{2169856A-7434-4A22-9663-AF94933CF08A}.Release|Any CPU.ActiveCfg = Release|Any CPU
		{2169856A-7434-4A22-9663-AF94933CF08A}.Release|Any CPU.Build.0 = Release|Any CPU
		{37E6BB03-C032-49A9-8579-112D3F7B33F7}.Debug|Any CPU.ActiveCfg = Debug|Any CPU
		{37E6BB03-C032-49A9-8579-112D3F7B33F7}.Debug|Any CPU.Build.0 = Debug|Any CPU
		{37E6BB03-C032-49A9-8579-112D3F7B33F7}.Release|Any CPU.ActiveCfg = Release|Any CPU
		{37E6BB03-C032-49A9-8579-112D3F7B33F7}.Release|Any CPU.Build.0 = Release|Any CPU
		{7A73373B-86C0-44F2-B280-69E17908D5D2}.Debug|Any CPU.ActiveCfg = Debug|Any CPU
		{7A73373B-86C0-44F2-B280-69E17908D5D2}.Debug|Any CPU.Build.0 = Debug|Any CPU
		{7A73373B-86C0-44F2-B280-69E17908D5D2}.Release|Any CPU.ActiveCfg = Release|Any CPU
		{7A73373B-86C0-44F2-B280-69E17908D5D2}.Release|Any CPU.Build.0 = Release|Any CPU
	EndGlobalSection
	GlobalSection(SolutionProperties) = preSolution
		HideSolutionNode = FALSE
	EndGlobalSection
	GlobalSection(ExtensibilityGlobals) = postSolution
		SolutionGuid = {A929C2AF-DF66-4D29-B816-16A7674AFD35}
	EndGlobalSection
EndGlobal
